
Microsoft Visual Studio Solution File, Format Version 12.00
# Visual Studio Version 17
VisualStudioVersion = 17.5.33627.172
MinimumVisualStudioVersion = 10.0.40219.1
Project("{FAE04EC0-301F-11D3-BF4B-00C04F79EFBC}") = "MP_GuestBook", "MP_GuestBook\MP_GuestBook.csproj", "{79EEE68D-114B-44AB-8199-DCEC06E58333}"
EndProject
Global
	GlobalSection(SolutionConfigurationPlatforms) = preSolution
		Debug|Any CPU = Debug|Any CPU
		Release|Any CPU = Release|Any CPU
	EndGlobalSection
	GlobalSection(ProjectConfigurationPlatforms) = postSolution
		{79EEE68D-114B-44AB-8199-DCEC06E58333}.Debug|Any CPU.ActiveCfg = Debug|Any CPU
		{79EEE68D-114B-44AB-8199-DCEC06E58333}.Debug|Any CPU.Build.0 = Debug|Any CPU
		{79EEE68D-114B-44AB-8199-DCEC06E58333}.Release|Any CPU.ActiveCfg = Release|Any CPU
		{79EEE68D-114B-44AB-8199-DCEC06E58333}.Release|Any CPU.Build.0 = Release|Any CPU
	EndGlobalSection
	GlobalSection(SolutionProperties) = preSolution
		HideSolutionNode = FALSE
	EndGlobalSection
	GlobalSection(ExtensibilityGlobals) = postSolution
		SolutionGuid = {DE98430E-CB43-425E-B83B-EA7E9BAA5C77}
	EndGlobalSection
EndGlobal
